<?xml version="1.0" encoding="UTF-8" standalone="yes" ?>
<CodeBlocks_project_file>
	<FileVersion major="1" minor="6" />
	<Project>
		<Option title="Gene_algo_0323" />
		<Option pch_mode="2" />
		<Option compiler="gcc" />
		<Build>
			<Target title="Debug">
				<Option output="bin/Debug/Gene_algo_0323" prefix_auto="1" extension_auto="1" />
				<Option object_output="obj/Debug/" />
				<Option type="1" />
				<Option compiler="gcc" />
				<Compiler>
					<Add option="-g" />
				</Compiler>
			</Target>
			<Target title="Release">
				<Option output="bin/Release/Gene_algo_0323" prefix_auto="1" extension_auto="1" />
				<Option object_output="obj/Release/" />
				<Option type="1" />
				<Option compiler="gcc" />
				<Compiler>
					<Add option="-O2" />
				</Compiler>
				<Linker>
					<Add option="-s" />
				</Linker>
			</Target>
		</Build>
		<Compiler>
			<Add option="-Wall" />
		</Compiler>
		<Unit filename="Amplitude_Equation.c">
			<Option compilerVar="CC" />
		</Unit>
		<Unit filename="Amplitude_Equation.h" />
		<Unit filename="Gene_algo_main.c">
			<Option compilerVar="CC" />
		</Unit>
		<Unit filename="Matrix_random.c">
			<Option compilerVar="CC" />
		</Unit>
		<Unit filename="Matrix_random.h" />
		<Unit filename="all_1nm_data.csv" />
		<Unit filename="excel_fileopen.c">
			<Option compilerVar="CC" />
		</Unit>
		<Unit filename="excel_fileopen.h" />
		<Unit filename="tristimulus_values.c">
			<Option compilerVar="CC" />
		</Unit>
		<Unit filename="tristimulus_values.h" />
		<Extensions>
			<lib_finder disable_auto="1" />
		</Extensions>
	</Project>
</CodeBlocks_project_file>
